
Microsoft Visual Studio Solution File, Format Version 12.00
# Visual Studio Version 16
VisualStudioVersion = 16.0.30330.147
MinimumVisualStudioVersion = 10.0.40219.1
Project("{F184B08F-C81C-45F6-A57F-5ABD9991F28F}") = "Majime", "..\Majime VB 2808\Majime.vbproj", "{7DBC106B-5800-4A08-BC23-384315C3E3EB}"
EndProject
Global
	GlobalSection(SolutionConfigurationPlatforms) = preSolution
		Debug|Any CPU = Debug|Any CPU
		Release|Any CPU = Release|Any CPU
	EndGlobalSection
	GlobalSection(ProjectConfigurationPlatforms) = postSolution
		{7DBC106B-5800-4A08-BC23-384315C3E3EB}.Debug|Any CPU.ActiveCfg = Debug|Any CPU
		{7DBC106B-5800-4A08-BC23-384315C3E3EB}.Debug|Any CPU.Build.0 = Debug|Any CPU
		{7DBC106B-5800-4A08-BC23-384315C3E3EB}.Release|Any CPU.ActiveCfg = Release|Any CPU
		{7DBC106B-5800-4A08-BC23-384315C3E3EB}.Release|Any CPU.Build.0 = Release|Any CPU
	EndGlobalSection
	GlobalSection(SolutionProperties) = preSolution
		HideSolutionNode = FALSE
	EndGlobalSection
	GlobalSection(ExtensibilityGlobals) = postSolution
		SolutionGuid = {288AAE52-303C-4E19-AA6E-598DBFD04042}
	EndGlobalSection
EndGlobal
